
Microsoft Visual Studio Solution File, Format Version 12.00
# Visual Studio Version 17
VisualStudioVersion = 17.7.34031.279
MinimumVisualStudioVersion = 10.0.40219.1
Project("{FAE04EC0-301F-11D3-BF4B-00C04F79EFBC}") = "Tahmaz_masin_satis", "Tahmaz_masin_satis.csproj", "{982EB6E2-78F5-4628-AF7F-86C248696B7F}"
EndProject
Global
	GlobalSection(SolutionConfigurationPlatforms) = preSolution
		Debug|Any CPU = Debug|Any CPU
		Release|Any CPU = Release|Any CPU
	EndGlobalSection
	GlobalSection(ProjectConfigurationPlatforms) = postSolution
		{982EB6E2-78F5-4628-AF7F-86C248696B7F}.Debug|Any CPU.ActiveCfg = Debug|Any CPU
		{982EB6E2-78F5-4628-AF7F-86C248696B7F}.Debug|Any CPU.Build.0 = Debug|Any CPU
		{982EB6E2-78F5-4628-AF7F-86C248696B7F}.Release|Any CPU.ActiveCfg = Release|Any CPU
		{982EB6E2-78F5-4628-AF7F-86C248696B7F}.Release|Any CPU.Build.0 = Release|Any CPU
	EndGlobalSection
	GlobalSection(SolutionProperties) = preSolution
		HideSolutionNode = FALSE
	EndGlobalSection
	GlobalSection(ExtensibilityGlobals) = postSolution
		SolutionGuid = {E18AFEED-AE86-4A6D-9AA8-FEEC9562A3DB}
	EndGlobalSection
EndGlobal
